
Microsoft Visual Studio Solution File, Format Version 12.00
# Visual Studio Version 17
VisualStudioVersion = 17.5.002.0
MinimumVisualStudioVersion = 10.0.40219.1
Project("{9A19103F-16F7-4668-BE54-9A1E7A4F7556}") = "e10", "e10\e10.csproj", "{DF1DB5D0-70DC-4485-99B3-0DC8D08A2204}"
EndProject
Global
	GlobalSection(SolutionConfigurationPlatforms) = preSolution
		Debug|Any CPU = Debug|Any CPU
		Release|Any CPU = Release|Any CPU
	EndGlobalSection
	GlobalSection(ProjectConfigurationPlatforms) = postSolution
		{DF1DB5D0-70DC-4485-99B3-0DC8D08A2204}.Debug|Any CPU.ActiveCfg = Debug|Any CPU
		{DF1DB5D0-70DC-4485-99B3-0DC8D08A2204}.Debug|Any CPU.Build.0 = Debug|Any CPU
		{DF1DB5D0-70DC-4485-99B3-0DC8D08A2204}.Release|Any CPU.ActiveCfg = Release|Any CPU
		{DF1DB5D0-70DC-4485-99B3-0DC8D08A2204}.Release|Any CPU.Build.0 = Release|Any CPU
	EndGlobalSection
	GlobalSection(SolutionProperties) = preSolution
		HideSolutionNode = FALSE
	EndGlobalSection
	GlobalSection(ExtensibilityGlobals) = postSolution
		SolutionGuid = {9D164CB5-8427-419B-8FD0-BCD8DCA83C08}
	EndGlobalSection
EndGlobal
